<Solution>
  <Folder Name="/src/">
    <Project Path="src/Ledgerly.Api/Ledgerly.Api.csproj" />
    <Project Path="src/Ledgerly.Domain/Ledgerly.Domain.csproj" />
  </Folder>
  <Folder Name="/tests/">
    <Project Path="tests/Ledgerly.Api.Tests/Ledgerly.Api.Tests.csproj" />
    <Project Path="tests/Ledgerly.Domain.Tests/Ledgerly.Domain.Tests.csproj" />
  </Folder>
</Solution>
